# This file is generated by running "yarn install" inside your project.
# Manual changes might be lost - proceed with caution!

__metadata:
  version: 8
  cacheKey: 10c0

"koffi@npm:^2.9.1":
  version: 2.9.1
  resolution: "koffi@npm:2.9.1"
  checksum: 10c0/063d699f81e4ac765855ad24e75792e223e767c7f8482f604f0622423e0d6ad00084c0cbab087603dc9f54d1e386dc14c3fc07788b2dd067a23ecb0aeeed118f
  languageName: node
  linkType: hard

"nodeshout-koffi@workspace:.":
  version: 0.0.0-use.local
  resolution: "nodeshout-koffi@workspace:."
  dependencies:
    koffi: "npm:^2.9.1"
  languageName: unknown
  linkType: soft
